<?xml version="1.0" encoding="utf-8"?>
<Project ToolsVersion="4.0" xmlns="http://schemas.microsoft.com/developer/msbuild/2003">
  <ItemGroup>
    <Filter Include="소스 파일">
      <UniqueIdentifier>{4FC737F1-C7A5-4376-A066-2A32D752A2FF}</UniqueIdentifier>
      <Extensions>cpp;c;cc;cxx;c++;cppm;ixx;def;odl;idl;hpj;bat;asm;asmx</Extensions>
    </Filter>
    <Filter Include="헤더 파일">
      <UniqueIdentifier>{93995380-89BD-4b04-88EB-625FBE52EBFB}</UniqueIdentifier>
      <Extensions>h;hh;hpp;hxx;h++;hm;inl;inc;ipp;xsd</Extensions>
    </Filter>
    <Filter Include="리소스 파일">
      <UniqueIdentifier>{67DA6AB6-F800-4c08-8B7A-83BB121AAD01}</UniqueIdentifier>
      <Extensions>rc;ico;cur;bmp;dlg;rc2;rct;bin;rgs;gif;jpg;jpeg;jpe;resx;tiff;tif;png;wav;mfcribbon-ms</Extensions>
    </Filter>
    <Filter Include="Snippets">
      <UniqueIdentifier>{b61d30fc-526f-49e2-9a01-92d2bed72bd2}</UniqueIdentifier>
    </Filter>
    <Filter Include="Vehicle">
      <UniqueIdentifier>{3db647f3-660b-4df2-aeb9-73bbe5d87df6}</UniqueIdentifier>
    </Filter>
  </ItemGroup>
  <ItemGroup>
    <ClCompile Include="..\PhysX-4.1\physx\snippets\snippetvehiclecommon\SnippetVehicle4WCreate.cpp">
      <Filter>Snippets</Filter>
    </ClCompile>
    <ClCompile Include="..\PhysX-4.1\physx\snippets\snippetvehiclecommon\SnippetVehicleCreate.cpp">
      <Filter>Snippets</Filter>
    </ClCompile>
    <ClCompile Include="..\PhysX-4.1\physx\snippets\snippetvehiclecommon\SnippetVehicleFilterShader.cpp">
      <Filter>Snippets</Filter>
    </ClCompile>
    <ClCompile Include="..\PhysX-4.1\physx\snippets\snippetvehiclecommon\SnippetVehicleNoDriveCreate.cpp">
      <Filter>Snippets</Filter>
    </ClCompile>
    <ClCompile Include="..\PhysX-4.1\physx\snippets\snippetvehiclecommon\SnippetVehicleSceneQuery.cpp">
      <Filter>Snippets</Filter>
    </ClCompile>
    <ClCompile Include="..\PhysX-4.1\physx\snippets\snippetvehiclecommon\SnippetVehicleTankCreate.cpp">
      <Filter>Snippets</Filter>
    </ClCompile>
    <ClCompile Include="..\PhysX-4.1\physx\snippets\snippetvehiclecommon\SnippetVehicleTireFriction.cpp">
      <Filter>Snippets</Filter>
    </ClCompile>
    <ClCompile Include="..\PhysX-4.1\physx\snippets\snippetcommon\ClassicMain.cpp">
      <Filter>Snippets</Filter>
    </ClCompile>
    <ClCompile Include="..\PhysX-4.1\physx\snippets\snippetvehicletank\SnippetVehicleTank.cpp">
      <Filter>Snippets</Filter>
    </ClCompile>
    <ClCompile Include="..\PhysX-4.1\physx\snippets\snippetvehicletank\SnippetVehicleTankRender.cpp">
      <Filter>Snippets</Filter>
    </ClCompile>
    <ClCompile Include="MyPhysics.cpp">
      <Filter>소스 파일</Filter>
    </ClCompile>
    <ClCompile Include="..\PhysX-4.1\physx\source\physxvehicle\src\PxVehicleComponents.cpp">
      <Filter>Vehicle</Filter>
    </ClCompile>
    <ClCompile Include="..\PhysX-4.1\physx\source\physxvehicle\src\PxVehicleDrive.cpp">
      <Filter>Vehicle</Filter>
    </ClCompile>
    <ClCompile Include="..\PhysX-4.1\physx\source\physxvehicle\src\PxVehicleDrive4W.cpp">
      <Filter>Vehicle</Filter>
    </ClCompile>
    <ClCompile Include="..\PhysX-4.1\physx\source\physxvehicle\src\PxVehicleDriveNW.cpp">
      <Filter>Vehicle</Filter>
    </ClCompile>
    <ClCompile Include="..\PhysX-4.1\physx\source\physxvehicle\src\PxVehicleDriveTank.cpp">
      <Filter>Vehicle</Filter>
    </ClCompile>
    <ClCompile Include="..\PhysX-4.1\physx\source\physxvehicle\src\PxVehicleMetaData.cpp">
      <Filter>Vehicle</Filter>
    </ClCompile>
    <ClCompile Include="..\PhysX-4.1\physx\source\physxvehicle\src\PxVehicleNoDrive.cpp">
      <Filter>Vehicle</Filter>
    </ClCompile>
    <ClCompile Include="..\PhysX-4.1\physx\source\physxvehicle\src\PxVehicleSDK.cpp">
      <Filter>Vehicle</Filter>
    </ClCompile>
    <ClCompile Include="..\PhysX-4.1\physx\source\physxvehicle\src\PxVehicleSerialization.cpp">
      <Filter>Vehicle</Filter>
    </ClCompile>
    <ClCompile Include="..\PhysX-4.1\physx\source\physxvehicle\src\PxVehicleSuspWheelTire4.cpp">
      <Filter>Vehicle</Filter>
    </ClCompile>
    <ClCompile Include="..\PhysX-4.1\physx\source\physxvehicle\src\PxVehicleTireFriction.cpp">
      <Filter>Vehicle</Filter>
    </ClCompile>
    <ClCompile Include="..\PhysX-4.1\physx\source\physxvehicle\src\PxVehicleUpdate.cpp">
      <Filter>Vehicle</Filter>
    </ClCompile>
    <ClCompile Include="..\PhysX-4.1\physx\source\physxvehicle\src\PxVehicleWheels.cpp">
      <Filter>Vehicle</Filter>
    </ClCompile>
    <ClCompile Include="..\PhysX-4.1\physx\source\physxvehicle\src\VehicleUtilControl.cpp">
      <Filter>Vehicle</Filter>
    </ClCompile>
    <ClCompile Include="..\PhysX-4.1\physx\source\physxvehicle\src\VehicleUtilSetup.cpp">
      <Filter>Vehicle</Filter>
    </ClCompile>
    <ClCompile Include="..\PhysX-4.1\physx\source\physxvehicle\src\VehicleUtilTelemetry.cpp">
      <Filter>Vehicle</Filter>
    </ClCompile>
    <ClCompile Include="..\PhysX-4.1\physx\source\physxextensions\src\ExtDefaultCpuDispatcher.cpp">
      <Filter>Vehicle</Filter>
    </ClCompile>
  </ItemGroup>
  <ItemGroup>
    <ClInclude Include="..\PhysX-4.1\physx\snippets\snippetvehiclecommon\SnippetVehicleConcurrency.h">
      <Filter>Snippets</Filter>
    </ClInclude>
    <ClInclude Include="..\PhysX-4.1\physx\snippets\snippetvehiclecommon\SnippetVehicleCreate.h">
      <Filter>Snippets</Filter>
    </ClInclude>
    <ClInclude Include="..\PhysX-4.1\physx\snippets\snippetvehiclecommon\SnippetVehicleFilterShader.h">
      <Filter>Snippets</Filter>
    </ClInclude>
    <ClInclude Include="..\PhysX-4.1\physx\snippets\snippetvehiclecommon\SnippetVehicleSceneQuery.h">
      <Filter>Snippets</Filter>
    </ClInclude>
    <ClInclude Include="..\PhysX-4.1\physx\snippets\snippetvehiclecommon\SnippetVehicleTireFriction.h">
      <Filter>Snippets</Filter>
    </ClInclude>
    <ClInclude Include="..\PhysX-4.1\physx\snippets\snippetvehiclecommon\SnippetVehicleWheelQueryResult.h">
      <Filter>Snippets</Filter>
    </ClInclude>
    <ClInclude Include="..\PhysX-4.1\physx\snippets\snippetvehicletank\SnippetVehicleTank.h">
      <Filter>Snippets</Filter>
    </ClInclude>
    <ClInclude Include="MyPhysics.h">
      <Filter>헤더 파일</Filter>
    </ClInclude>
    <ClInclude Include="..\PhysX-4.1\physx\include\vehicle\PxVehicleComponents.h">
      <Filter>Vehicle</Filter>
    </ClInclude>
    <ClInclude Include="..\PhysX-4.1\physx\include\vehicle\PxVehicleDrive.h">
      <Filter>Vehicle</Filter>
    </ClInclude>
    <ClInclude Include="..\PhysX-4.1\physx\include\vehicle\PxVehicleDrive4W.h">
      <Filter>Vehicle</Filter>
    </ClInclude>
    <ClInclude Include="..\PhysX-4.1\physx\include\vehicle\PxVehicleDriveNW.h">
      <Filter>Vehicle</Filter>
    </ClInclude>
    <ClInclude Include="..\PhysX-4.1\physx\include\vehicle\PxVehicleDriveTank.h">
      <Filter>Vehicle</Filter>
    </ClInclude>
    <ClInclude Include="..\PhysX-4.1\physx\include\vehicle\PxVehicleNoDrive.h">
      <Filter>Vehicle</Filter>
    </ClInclude>
    <ClInclude Include="..\PhysX-4.1\physx\include\vehicle\PxVehicleSDK.h">
      <Filter>Vehicle</Filter>
    </ClInclude>
    <ClInclude Include="..\PhysX-4.1\physx\include\vehicle\PxVehicleShaders.h">
      <Filter>Vehicle</Filter>
    </ClInclude>
    <ClInclude Include="..\PhysX-4.1\physx\include\vehicle\PxVehicleTireFriction.h">
      <Filter>Vehicle</Filter>
    </ClInclude>
    <ClInclude Include="..\PhysX-4.1\physx\include\vehicle\PxVehicleUpdate.h">
      <Filter>Vehicle</Filter>
    </ClInclude>
    <ClInclude Include="..\PhysX-4.1\physx\include\vehicle\PxVehicleUtil.h">
      <Filter>Vehicle</Filter>
    </ClInclude>
    <ClInclude Include="..\PhysX-4.1\physx\include\vehicle\PxVehicleUtilControl.h">
      <Filter>Vehicle</Filter>
    </ClInclude>
    <ClInclude Include="..\PhysX-4.1\physx\include\vehicle\PxVehicleUtilSetup.h">
      <Filter>Vehicle</Filter>
    </ClInclude>
    <ClInclude Include="..\PhysX-4.1\physx\include\vehicle\PxVehicleUtilTelemetry.h">
      <Filter>Vehicle</Filter>
    </ClInclude>
    <ClInclude Include="..\PhysX-4.1\physx\include\vehicle\PxVehicleWheels.h">
      <Filter>Vehicle</Filter>
    </ClInclude>
    <ClInclude Include="..\PhysX-4.1\physx\source\physxvehicle\src\PxVehicleDefaults.h">
      <Filter>Vehicle</Filter>
    </ClInclude>
    <ClInclude Include="..\PhysX-4.1\physx\source\physxvehicle\src\PxVehicleLinearMath.h">
      <Filter>Vehicle</Filter>
    </ClInclude>
    <ClInclude Include="..\PhysX-4.1\physx\source\physxvehicle\src\PxVehicleSerialization.h">
      <Filter>Vehicle</Filter>
    </ClInclude>
    <ClInclude Include="..\PhysX-4.1\physx\source\physxvehicle\src\PxVehicleSuspLimitConstraintShader.h">
      <Filter>Vehicle</Filter>
    </ClInclude>
    <ClInclude Include="..\PhysX-4.1\physx\source\physxvehicle\src\PxVehicleSuspWheelTire4.h">
      <Filter>Vehicle</Filter>
    </ClInclude>
    <ClInclude Include="..\PhysX-4.1\physx\source\physxvehicle\src\physxmetadata\include\PxVehicleAutoGeneratedMetaDataObjectNames.h">
      <Filter>Vehicle</Filter>
    </ClInclude>
    <ClInclude Include="..\PhysX-4.1\physx\source\physxvehicle\src\physxmetadata\include\PxVehicleAutoGeneratedMetaDataObjects.h">
      <Filter>Vehicle</Filter>
    </ClInclude>
    <ClInclude Include="..\PhysX-4.1\physx\source\physxvehicle\src\physxmetadata\include\PxVehicleMetaDataObjects.h">
      <Filter>Vehicle</Filter>
    </ClInclude>
  </ItemGroup>
</Project>